
Microsoft Visual Studio Solution File, Format Version 12.00
# Visual Studio Version 17
VisualStudioVersion = 17.7.34031.279
MinimumVisualStudioVersion = 10.0.40219.1
Project("{FAE04EC0-301F-11D3-BF4B-00C04F79EFBC}") = "SEPTEMBRE", "SEPTEMBRE.csproj", "{7D490830-10A1-4148-B829-D5076847DD86}"
EndProject
Global
	GlobalSection(SolutionConfigurationPlatforms) = preSolution
		Debug|Any CPU = Debug|Any CPU
		Release|Any CPU = Release|Any CPU
	EndGlobalSection
	GlobalSection(ProjectConfigurationPlatforms) = postSolution
		{7D490830-10A1-4148-B829-D5076847DD86}.Debug|Any CPU.ActiveCfg = Debug|Any CPU
		{7D490830-10A1-4148-B829-D5076847DD86}.Debug|Any CPU.Build.0 = Debug|Any CPU
		{7D490830-10A1-4148-B829-D5076847DD86}.Release|Any CPU.ActiveCfg = Release|Any CPU
		{7D490830-10A1-4148-B829-D5076847DD86}.Release|Any CPU.Build.0 = Release|Any CPU
	EndGlobalSection
	GlobalSection(SolutionProperties) = preSolution
		HideSolutionNode = FALSE
	EndGlobalSection
	GlobalSection(ExtensibilityGlobals) = postSolution
		SolutionGuid = {94AB640F-DCD7-42CB-998E-B96BCF4B6373}
	EndGlobalSection
EndGlobal
