
Microsoft Visual Studio Solution File, Format Version 12.00
# Visual Studio Version 17
VisualStudioVersion = 17.7.34031.279
MinimumVisualStudioVersion = 10.0.40219.1
Project("{FAE04EC0-301F-11D3-BF4B-00C04F79EFBC}") = "TopPlaces", "TopPlaces.csproj", "{23AB96A9-13ED-4466-8310-F51271BA8986}"
EndProject
Global
	GlobalSection(SolutionConfigurationPlatforms) = preSolution
		Debug|Any CPU = Debug|Any CPU
		Release|Any CPU = Release|Any CPU
	EndGlobalSection
	GlobalSection(ProjectConfigurationPlatforms) = postSolution
		{23AB96A9-13ED-4466-8310-F51271BA8986}.Debug|Any CPU.ActiveCfg = Debug|Any CPU
		{23AB96A9-13ED-4466-8310-F51271BA8986}.Debug|Any CPU.Build.0 = Debug|Any CPU
		{23AB96A9-13ED-4466-8310-F51271BA8986}.Release|Any CPU.ActiveCfg = Release|Any CPU
		{23AB96A9-13ED-4466-8310-F51271BA8986}.Release|Any CPU.Build.0 = Release|Any CPU
	EndGlobalSection
	GlobalSection(SolutionProperties) = preSolution
		HideSolutionNode = FALSE
	EndGlobalSection
	GlobalSection(ExtensibilityGlobals) = postSolution
		SolutionGuid = {51B794C5-420B-4694-8BF0-53B96F8E3B19}
	EndGlobalSection
EndGlobal
