
Microsoft Visual Studio Solution File, Format Version 12.00
# Visual Studio Version 17
VisualStudioVersion = 17.7.34031.279
MinimumVisualStudioVersion = 10.0.40219.1
Project("{FAE04EC0-301F-11D3-BF4B-00C04F79EFBC}") = "Nortwind_API", "Nortwind_API.csproj", "{AB100DC1-E83F-45C0-ABB0-846F34D299BE}"
EndProject
Global
	GlobalSection(SolutionConfigurationPlatforms) = preSolution
		Debug|Any CPU = Debug|Any CPU
		Release|Any CPU = Release|Any CPU
	EndGlobalSection
	GlobalSection(ProjectConfigurationPlatforms) = postSolution
		{AB100DC1-E83F-45C0-ABB0-846F34D299BE}.Debug|Any CPU.ActiveCfg = Debug|Any CPU
		{AB100DC1-E83F-45C0-ABB0-846F34D299BE}.Debug|Any CPU.Build.0 = Debug|Any CPU
		{AB100DC1-E83F-45C0-ABB0-846F34D299BE}.Release|Any CPU.ActiveCfg = Release|Any CPU
		{AB100DC1-E83F-45C0-ABB0-846F34D299BE}.Release|Any CPU.Build.0 = Release|Any CPU
	EndGlobalSection
	GlobalSection(SolutionProperties) = preSolution
		HideSolutionNode = FALSE
	EndGlobalSection
	GlobalSection(ExtensibilityGlobals) = postSolution
		SolutionGuid = {9594775C-8C58-466F-99EC-5CDE48C886A6}
	EndGlobalSection
EndGlobal
