
Microsoft Visual Studio Solution File, Format Version 12.00
# Visual Studio Version 17
VisualStudioVersion = 17.7.34031.279
MinimumVisualStudioVersion = 10.0.40219.1
Project("{FAE04EC0-301F-11D3-BF4B-00C04F79EFBC}") = "JANVIER", "JANVIER.csproj", "{5BD3E970-EA4F-4E5F-8500-F66D899F6DEC}"
EndProject
Global
	GlobalSection(SolutionConfigurationPlatforms) = preSolution
		Debug|Any CPU = Debug|Any CPU
		Release|Any CPU = Release|Any CPU
	EndGlobalSection
	GlobalSection(ProjectConfigurationPlatforms) = postSolution
		{5BD3E970-EA4F-4E5F-8500-F66D899F6DEC}.Debug|Any CPU.ActiveCfg = Debug|Any CPU
		{5BD3E970-EA4F-4E5F-8500-F66D899F6DEC}.Debug|Any CPU.Build.0 = Debug|Any CPU
		{5BD3E970-EA4F-4E5F-8500-F66D899F6DEC}.Release|Any CPU.ActiveCfg = Release|Any CPU
		{5BD3E970-EA4F-4E5F-8500-F66D899F6DEC}.Release|Any CPU.Build.0 = Release|Any CPU
	EndGlobalSection
	GlobalSection(SolutionProperties) = preSolution
		HideSolutionNode = FALSE
	EndGlobalSection
	GlobalSection(ExtensibilityGlobals) = postSolution
		SolutionGuid = {4FFF9613-F567-47C4-ACC3-FAB1AA6A38E5}
	EndGlobalSection
EndGlobal
