
Microsoft Visual Studio Solution File, Format Version 12.00
# Visual Studio Version 17
VisualStudioVersion = 17.7.34031.279
MinimumVisualStudioVersion = 10.0.40219.1
Project("{FAE04EC0-301F-11D3-BF4B-00C04F79EFBC}") = "Examen_Janvier", "Examen_Janvier.csproj", "{0769CE2C-5215-4070-A12C-937657575EB1}"
EndProject
Global
	GlobalSection(SolutionConfigurationPlatforms) = preSolution
		Debug|Any CPU = Debug|Any CPU
		Release|Any CPU = Release|Any CPU
	EndGlobalSection
	GlobalSection(ProjectConfigurationPlatforms) = postSolution
		{0769CE2C-5215-4070-A12C-937657575EB1}.Debug|Any CPU.ActiveCfg = Debug|Any CPU
		{0769CE2C-5215-4070-A12C-937657575EB1}.Debug|Any CPU.Build.0 = Debug|Any CPU
		{0769CE2C-5215-4070-A12C-937657575EB1}.Release|Any CPU.ActiveCfg = Release|Any CPU
		{0769CE2C-5215-4070-A12C-937657575EB1}.Release|Any CPU.Build.0 = Release|Any CPU
	EndGlobalSection
	GlobalSection(SolutionProperties) = preSolution
		HideSolutionNode = FALSE
	EndGlobalSection
	GlobalSection(ExtensibilityGlobals) = postSolution
		SolutionGuid = {2F280F82-91CF-404F-9372-4A609D44950B}
	EndGlobalSection
EndGlobal
