
Microsoft Visual Studio Solution File, Format Version 12.00
# Visual Studio Version 17
VisualStudioVersion = 17.7.34031.279
MinimumVisualStudioVersion = 10.0.40219.1
Project("{FAE04EC0-301F-11D3-BF4B-00C04F79EFBC}") = "Septembre", "Septembre.csproj", "{06681E13-4A1F-4439-8C61-BCE54AE4AC03}"
EndProject
Global
	GlobalSection(SolutionConfigurationPlatforms) = preSolution
		Debug|Any CPU = Debug|Any CPU
		Release|Any CPU = Release|Any CPU
	EndGlobalSection
	GlobalSection(ProjectConfigurationPlatforms) = postSolution
		{06681E13-4A1F-4439-8C61-BCE54AE4AC03}.Debug|Any CPU.ActiveCfg = Debug|Any CPU
		{06681E13-4A1F-4439-8C61-BCE54AE4AC03}.Debug|Any CPU.Build.0 = Debug|Any CPU
		{06681E13-4A1F-4439-8C61-BCE54AE4AC03}.Release|Any CPU.ActiveCfg = Release|Any CPU
		{06681E13-4A1F-4439-8C61-BCE54AE4AC03}.Release|Any CPU.Build.0 = Release|Any CPU
	EndGlobalSection
	GlobalSection(SolutionProperties) = preSolution
		HideSolutionNode = FALSE
	EndGlobalSection
	GlobalSection(ExtensibilityGlobals) = postSolution
		SolutionGuid = {3E9F6443-D32E-4259-8E84-DF8CCA0CD5B2}
	EndGlobalSection
EndGlobal
